
Microsoft Visual Studio Solution File, Format Version 10.00
# Visual Studio 2008
Project("{8BC9CEB8-8B4A-11D0-8D11-00A0C91BC942}") = "oop project", "oop project\oop project.vcproj", "{4BBA366E-45A6-4D50-A158-8B301B387377}"
EndProject
Project("{54435603-DBB4-11D2-8724-00A0C9A8B90C}") = "Setup1", "Setup1\Setup1.vdproj", "{4CB054E8-DC18-4FB0-AB62-59187A1F9B71}"
EndProject
Global
	GlobalSection(SolutionConfigurationPlatforms) = preSolution
		Debug|Win32 = Debug|Win32
		Release|Win32 = Release|Win32
	EndGlobalSection
	GlobalSection(ProjectConfigurationPlatforms) = postSolution
		{4BBA366E-45A6-4D50-A158-8B301B387377}.Debug|Win32.ActiveCfg = Debug|Win32
		{4BBA366E-45A6-4D50-A158-8B301B387377}.Debug|Win32.Build.0 = Debug|Win32
		{4BBA366E-45A6-4D50-A158-8B301B387377}.Release|Win32.ActiveCfg = Release|Win32
		{4BBA366E-45A6-4D50-A158-8B301B387377}.Release|Win32.Build.0 = Release|Win32
		{4CB054E8-DC18-4FB0-AB62-59187A1F9B71}.Debug|Win32.ActiveCfg = Debug
		{4CB054E8-DC18-4FB0-AB62-59187A1F9B71}.Release|Win32.ActiveCfg = Release
	EndGlobalSection
	GlobalSection(SolutionProperties) = preSolution
		HideSolutionNode = FALSE
	EndGlobalSection
EndGlobal
